<?xml version="1.0" encoding="utf-8"?>
<Project ToolsVersion="4.0" xmlns="http://schemas.microsoft.com/developer/msbuild/2003">
  <ItemGroup>
    <Filter Include="Source Files">
      <UniqueIdentifier>{4FC737F1-C7A5-4376-A066-2A32D752A2FF}</UniqueIdentifier>
      <Extensions>cpp;c;cc;cxx;def;odl;idl;hpj;bat;asm;asmx</Extensions>
    </Filter>
    <Filter Include="Header Files">
      <UniqueIdentifier>{93995380-89BD-4b04-88EB-625FBE52EBFB}</UniqueIdentifier>
      <Extensions>h;hpp;hxx;hm;inl;inc;xsd</Extensions>
    </Filter>
    <Filter Include="Resource Files">
      <UniqueIdentifier>{67DA6AB6-F800-4c08-8B7A-83BB121AAD01}</UniqueIdentifier>
      <Extensions>rc;ico;cur;bmp;dlg;rc2;rct;bin;rgs;gif;jpg;jpeg;jpe;resx;tiff;tif;png;wav;mfcribbon-ms</Extensions>
    </Filter>
  </ItemGroup>
  <ItemGroup>
    <ClCompile Include="main.cpp">
      <Filter>Source Files</Filter>
    </ClCompile>
    <ClCompile Include="Student.Texture.cpp">
      <Filter>Source Files</Filter>
    </ClCompile>
    <ClCompile Include="Student.Color.cpp">
      <Filter>Source Files</Filter>
    </ClCompile>
    <ClCompile Include="CORE.File.Bmp.cpp">
      <Filter>Source Files</Filter>
    </ClCompile>
    <ClCompile Include="Student.Ray.cpp">
      <Filter>Source Files</Filter>
    </ClCompile>
    <ClCompile Include="Student.Camera.cpp">
      <Filter>Source Files</Filter>
    </ClCompile>
    <ClCompile Include="Student.Object.cpp">
      <Filter>Source Files</Filter>
    </ClCompile>
    <ClCompile Include="Student.Point.cpp">
      <Filter>Source Files</Filter>
    </ClCompile>
    <ClCompile Include="Student.Light.cpp">
      <Filter>Source Files</Filter>
    </ClCompile>
    <ClCompile Include="Student.List.cpp">
      <Filter>Source Files</Filter>
    </ClCompile>
    <ClCompile Include="Student.Scene.cpp">
      <Filter>Source Files</Filter>
    </ClCompile>
    <ClCompile Include="RayTrace.cpp">
      <Filter>Source Files</Filter>
    </ClCompile>
    <ClCompile Include="Utility.cpp">
      <Filter>Source Files</Filter>
    </ClCompile>
    <ClCompile Include="Debug.ErrorLog.cpp">
      <Filter>Source Files</Filter>
    </ClCompile>
  </ItemGroup>
  <ItemGroup>
    <ClInclude Include="main.h">
      <Filter>Header Files</Filter>
    </ClInclude>
    <ClInclude Include="Student.Texture.h">
      <Filter>Header Files</Filter>
    </ClInclude>
    <ClInclude Include="Student.Color.h">
      <Filter>Header Files</Filter>
    </ClInclude>
    <ClInclude Include="CORE.File.Bmp.h">
      <Filter>Header Files</Filter>
    </ClInclude>
    <ClInclude Include="Student.Ray.h">
      <Filter>Header Files</Filter>
    </ClInclude>
    <ClInclude Include="Student.Camera.h">
      <Filter>Header Files</Filter>
    </ClInclude>
    <ClInclude Include="Student.Object.h">
      <Filter>Header Files</Filter>
    </ClInclude>
    <ClInclude Include="Student.Point.h">
      <Filter>Header Files</Filter>
    </ClInclude>
    <ClInclude Include="Student.Light.h">
      <Filter>Header Files</Filter>
    </ClInclude>
    <ClInclude Include="Student.List.h">
      <Filter>Header Files</Filter>
    </ClInclude>
    <ClInclude Include="Student.Scene.h">
      <Filter>Header Files</Filter>
    </ClInclude>
    <ClInclude Include="RayTrace.h">
      <Filter>Header Files</Filter>
    </ClInclude>
    <ClInclude Include="Utility.h">
      <Filter>Header Files</Filter>
    </ClInclude>
    <ClInclude Include="Debug.ErrorLog.h">
      <Filter>Header Files</Filter>
    </ClInclude>
  </ItemGroup>
</Project>